{
  "format_version": "0.1",
  "terraform_version": "1.0.0",
  "planned_values": {
    "root_module": {
      "resources": [
        {
          "address": "azurerm_network_security_group.nsg1",
          "mode": "managed",
          "type": "azurerm_network_security_group",
          "name": "nsg1",
          "provider_name": "registry.terraform.io/hashicorp/azurerm",
          "schema_version": 0,
          "values": {
            "location": "westus2",
            "name": "nsg1",
            "resource_group_name": "josh-test-rg",
            "security_rule": [
              {
                "access": "allow",
                "description": "value",
                "destination_address_prefix": "*",
                "destination_address_prefixes": [],
                "destination_application_security_group_ids": [],
                "destination_port_range": "443",
                "destination_port_ranges": [],
                "direction": "inbound",
                "name": "allow https",
                "priority": 110,
                "protocol": "tcp",
                "source_address_prefix": "*",
                "source_address_prefixes": [],
                "source_application_security_group_ids": [],
                "source_port_range": "*",
                "source_port_ranges": []
              },
              {
                "access": "allow",
                "description": "value",
                "destination_address_prefix": "*",
                "destination_address_prefixes": [],
                "destination_application_security_group_ids": [],
                "destination_port_range": "80",
                "destination_port_ranges": [],
                "direction": "inbound",
                "name": "allow http",
                "priority": 100,
                "protocol": "tcp",
                "source_address_prefix": "*",
                "source_address_prefixes": [],
                "source_application_security_group_ids": [],
                "source_port_range": "*",
                "source_port_ranges": []
              }
            ],
            "tags": null,
            "timeouts": null
          }
        },
        {
          "address": "azurerm_resource_group.rg",
          "mode": "managed",
          "type": "azurerm_resource_group",
          "name": "rg",
          "provider_name": "registry.terraform.io/hashicorp/azurerm",
          "schema_version": 0,
          "values": {
            "location": "westus2",
            "name": "josh-test-rg",
            "tags": null,
            "timeouts": null
          }
        },
        {
          "address": "azurerm_virtual_network.vnet1",
          "mode": "managed",
          "type": "azurerm_virtual_network",
          "name": "vnet1",
          "provider_name": "registry.terraform.io/hashicorp/azurerm",
          "schema_version": 0,
          "values": {
            "address_space": [
              "10.0.0.0/16"
            ],
            "bgp_community": null,
            "ddos_protection_plan": [],
            "dns_servers": null,
            "location": "westus2",
            "name": "vnet1",
            "resource_group_name": "josh-test-rg",
            "subnet": [
              {
                "address_prefix": "10.0.0.0/24",
                "name": "subnet1"
              },
              {
                "address_prefix": "10.0.1.0/24",
                "name": "subnet2",
                "security_group": ""
              }
            ],
            "tags": null,
            "timeouts": null,
            "vm_protection_enabled": false
          }
        }
      ]
    }
  },
  "resource_changes": [
    {
      "address": "azurerm_network_security_group.nsg1",
      "mode": "managed",
      "type": "azurerm_network_security_group",
      "name": "nsg1",
      "provider_name": "registry.terraform.io/hashicorp/azurerm",
      "change": {
        "actions": [
          "create"
        ],
        "before": null,
        "after": {
          "location": "westus2",
          "name": "nsg1",
          "resource_group_name": "josh-test-rg",
          "security_rule": [
            {
              "access": "allow",
              "description": "value",
              "destination_address_prefix": "*",
              "destination_address_prefixes": [],
              "destination_application_security_group_ids": [],
              "destination_port_range": "443",
              "destination_port_ranges": [],
              "direction": "inbound",
              "name": "allow https",
              "priority": 110,
              "protocol": "tcp",
              "source_address_prefix": "*",
              "source_address_prefixes": [],
              "source_application_security_group_ids": [],
              "source_port_range": "*",
              "source_port_ranges": []
            },
            {
              "access": "allow",
              "description": "value",
              "destination_address_prefix": "*",
              "destination_address_prefixes": [],
              "destination_application_security_group_ids": [],
              "destination_port_range": "80",
              "destination_port_ranges": [],
              "direction": "inbound",
              "name": "allow http",
              "priority": 100,
              "protocol": "tcp",
              "source_address_prefix": "*",
              "source_address_prefixes": [],
              "source_application_security_group_ids": [],
              "source_port_range": "*",
              "source_port_ranges": []
            }
          ],
          "tags": null,
          "timeouts": null
        },
        "after_unknown": {
          "id": true,
          "security_rule": [
            {
              "destination_address_prefixes": [],
              "destination_application_security_group_ids": [],
              "destination_port_ranges": [],
              "source_address_prefixes": [],
              "source_application_security_group_ids": [],
              "source_port_ranges": []
            },
            {
              "destination_address_prefixes": [],
              "destination_application_security_group_ids": [],
              "destination_port_ranges": [],
              "source_address_prefixes": [],
              "source_application_security_group_ids": [],
              "source_port_ranges": []
            }
          ]
        },
        "before_sensitive": false,
        "after_sensitive": {
          "security_rule": [
            {
              "destination_address_prefixes": [],
              "destination_application_security_group_ids": [],
              "destination_port_ranges": [],
              "source_address_prefixes": [],
              "source_application_security_group_ids": [],
              "source_port_ranges": []
            },
            {
              "destination_address_prefixes": [],
              "destination_application_security_group_ids": [],
              "destination_port_ranges": [],
              "source_address_prefixes": [],
              "source_application_security_group_ids": [],
              "source_port_ranges": []
            }
          ]
        }
      }
    },
    {
      "address": "azurerm_resource_group.rg",
      "mode": "managed",
      "type": "azurerm_resource_group",
      "name": "rg",
      "provider_name": "registry.terraform.io/hashicorp/azurerm",
      "change": {
        "actions": [
          "create"
        ],
        "before": null,
        "after": {
          "location": "westus2",
          "name": "josh-test-rg",
          "tags": null,
          "timeouts": null
        },
        "after_unknown": {
          "id": true
        },
        "before_sensitive": false,
        "after_sensitive": {}
      }
    },
    {
      "address": "azurerm_virtual_network.vnet1",
      "mode": "managed",
      "type": "azurerm_virtual_network",
      "name": "vnet1",
      "provider_name": "registry.terraform.io/hashicorp/azurerm",
      "change": {
        "actions": [
          "create"
        ],
        "before": null,
        "after": {
          "address_space": [
            "10.0.0.0/16"
          ],
          "bgp_community": null,
          "ddos_protection_plan": [],
          "dns_servers": null,
          "location": "westus2",
          "name": "vnet1",
          "resource_group_name": "josh-test-rg",
          "subnet": [
            {
              "address_prefix": "10.0.0.0/24",
              "name": "subnet1"
            },
            {
              "address_prefix": "10.0.1.0/24",
              "name": "subnet2",
              "security_group": ""
            }
          ],
          "tags": null,
          "timeouts": null,
          "vm_protection_enabled": false
        },
        "after_unknown": {
          "address_space": [
            false
          ],
          "ddos_protection_plan": [],
          "guid": true,
          "id": true,
          "subnet": [
            {
              "id": true,
              "security_group": true
            },
            {
              "id": true
            }
          ]
        },
        "before_sensitive": false,
        "after_sensitive": {
          "address_space": [
            false
          ],
          "ddos_protection_plan": [],
          "subnet": [
            {},
            {}
          ]
        }
      }
    }
  ],
  "configuration": {
    "provider_config": {
      "azurerm": {
        "name": "azurerm",
        "version_constraint": "2.46.0",
        "expressions": {
          "features": [
            {}
          ]
        }
      }
    },
    "root_module": {
      "resources": [
        {
          "address": "azurerm_network_security_group.nsg1",
          "mode": "managed",
          "type": "azurerm_network_security_group",
          "name": "nsg1",
          "provider_config_key": "azurerm",
          "expressions": {
            "location": {
              "references": [
                "azurerm_resource_group.rg"
              ]
            },
            "name": {
              "constant_value": "nsg1"
            },
            "resource_group_name": {
              "references": [
                "azurerm_resource_group.rg"
              ]
            }
          },
          "schema_version": 0
        },
        {
          "address": "azurerm_resource_group.rg",
          "mode": "managed",
          "type": "azurerm_resource_group",
          "name": "rg",
          "provider_config_key": "azurerm",
          "expressions": {
            "location": {
              "constant_value": "westus2"
            },
            "name": {
              "constant_value": "josh-test-rg"
            }
          },
          "schema_version": 0
        },
        {
          "address": "azurerm_virtual_network.vnet1",
          "mode": "managed",
          "type": "azurerm_virtual_network",
          "name": "vnet1",
          "provider_config_key": "azurerm",
          "expressions": {
            "address_space": {
              "constant_value": [
                "10.0.0.0/16"
              ]
            },
            "location": {
              "references": [
                "azurerm_resource_group.rg"
              ]
            },
            "name": {
              "constant_value": "vnet1"
            },
            "resource_group_name": {
              "references": [
                "azurerm_resource_group.rg"
              ]
            }
          },
          "schema_version": 0
        }
      ]
    }
  }
}
